
Microsoft Visual Studio Solution File, Format Version 12.00
# Visual Studio Version 17
VisualStudioVersion = 17.10.35004.147
MinimumVisualStudioVersion = 10.0.40219.1
Project("{FAE04EC0-301F-11D3-BF4B-00C04F79EFBC}") = "HelloWorld", "HelloWorld\HelloWorld.csproj", "{558447AF-3262-48F4-A557-CB3CF319D42F}"
EndProject
Project("{FAE04EC0-301F-11D3-BF4B-00C04F79EFBC}") = "HelloOOP", "HelloOOP\HelloOOP.csproj", "{992F3C81-96B7-44C8-AF38-A33031F498B2}"
EndProject
Project("{FAE04EC0-301F-11D3-BF4B-00C04F79EFBC}") = "EmployeeManagementApp", "EmployeeManagementApp\EmployeeManagementApp.csproj", "{26655221-0182-4750-96A6-5844560E8ED2}"
EndProject
Global
	GlobalSection(SolutionConfigurationPlatforms) = preSolution
		Debug|Any CPU = Debug|Any CPU
		Release|Any CPU = Release|Any CPU
	EndGlobalSection
	GlobalSection(ProjectConfigurationPlatforms) = postSolution
		{558447AF-3262-48F4-A557-CB3CF319D42F}.Debug|Any CPU.ActiveCfg = Debug|Any CPU
		{558447AF-3262-48F4-A557-CB3CF319D42F}.Debug|Any CPU.Build.0 = Debug|Any CPU
		{558447AF-3262-48F4-A557-CB3CF319D42F}.Release|Any CPU.ActiveCfg = Release|Any CPU
		{558447AF-3262-48F4-A557-CB3CF319D42F}.Release|Any CPU.Build.0 = Release|Any CPU
		{992F3C81-96B7-44C8-AF38-A33031F498B2}.Debug|Any CPU.ActiveCfg = Debug|Any CPU
		{992F3C81-96B7-44C8-AF38-A33031F498B2}.Debug|Any CPU.Build.0 = Debug|Any CPU
		{992F3C81-96B7-44C8-AF38-A33031F498B2}.Release|Any CPU.ActiveCfg = Release|Any CPU
		{992F3C81-96B7-44C8-AF38-A33031F498B2}.Release|Any CPU.Build.0 = Release|Any CPU
		{26655221-0182-4750-96A6-5844560E8ED2}.Debug|Any CPU.ActiveCfg = Debug|Any CPU
		{26655221-0182-4750-96A6-5844560E8ED2}.Debug|Any CPU.Build.0 = Debug|Any CPU
		{26655221-0182-4750-96A6-5844560E8ED2}.Release|Any CPU.ActiveCfg = Release|Any CPU
		{26655221-0182-4750-96A6-5844560E8ED2}.Release|Any CPU.Build.0 = Release|Any CPU
	EndGlobalSection
	GlobalSection(SolutionProperties) = preSolution
		HideSolutionNode = FALSE
	EndGlobalSection
	GlobalSection(ExtensibilityGlobals) = postSolution
		SolutionGuid = {A61E8127-4F98-47DF-8095-2EA677DFD533}
	EndGlobalSection
EndGlobal
